// !$*UTF8*$!
{
	archiveVersion = 1;
	classes = {
	};
	objectVersion = 46;
	objects = {

/* Begin PBXBuildFile section */
		B40D457A1B568AA300EB52FA /* SignInViewController.swift in Sources */ = {isa = PBXBuildFile; fileRef = B40D45791B568AA300EB52FA /* SignInViewController.swift */; };
		B40D457C1B568AC600EB52FA /* SignUpViewController.swift in Sources */ = {isa = PBXBuildFile; fileRef = B40D457B1B568AC600EB52FA /* SignUpViewController.swift */; };
		B469A9581B55AB810048BCFA /* LoginData.swift in Sources */ = {isa = PBXBuildFile; fileRef = B469A9551B55AB810048BCFA /* LoginData.swift */; };
		B469A9591B55AB810048BCFA /* ViandsAPI.swift in Sources */ = {isa = PBXBuildFile; fileRef = B469A9561B55AB810048BCFA /* ViandsAPI.swift */; };
		B469A95A1B55AB810048BCFA /* urlRepositry.swift in Sources */ = {isa = PBXBuildFile; fileRef = B469A9571B55AB810048BCFA /* urlRepositry.swift */; };
		B48F4B351B55903600C9D2D2 /* AppDelegate.swift in Sources */ = {isa = PBXBuildFile; fileRef = B48F4B341B55903600C9D2D2 /* AppDelegate.swift */; };
		B48F4B3C1B55903600C9D2D2 /* Images.xcassets in Resources */ = {isa = PBXBuildFile; fileRef = B48F4B3B1B55903600C9D2D2 /* Images.xcassets */; };
		B48F4B3F1B55903600C9D2D2 /* LaunchScreen.xib in Resources */ = {isa = PBXBuildFile; fileRef = B48F4B3D1B55903600C9D2D2 /* LaunchScreen.xib */; };
		B48F4B4B1B55903600C9D2D2 /* AutoLayoutTests.swift in Sources */ = {isa = PBXBuildFile; fileRef = B48F4B4A1B55903600C9D2D2 /* AutoLayoutTests.swift */; };
		B48F4B551B559A4800C9D2D2 /* Main.storyboard in Resources */ = {isa = PBXBuildFile; fileRef = B48F4B541B559A4800C9D2D2 /* Main.storyboard */; };
/* End PBXBuildFile section */

/* Begin PBXContainerItemProxy section */
		B48F4B451B55903600C9D2D2 /* PBXContainerItemProxy */ = {
			isa = PBXContainerItemProxy;
			containerPortal = B48F4B271B55903500C9D2D2 /* Project object */;
			proxyType = 1;
			remoteGlobalIDString = B48F4B2E1B55903500C9D2D2;
			remoteInfo = AutoLayout;
		};
/* End PBXContainerItemProxy section */

/* Begin PBXFileReference section */
		B40D45791B568AA300EB52FA /* SignInViewController.swift */ = {isa = PBXFileReference; fileEncoding = 4; lastKnownFileType = sourcecode.swift; name = SignInViewController.swift; path = ../SignInViewController.swift; sourceTree = "<group>"; };
		B40D457B1B568AC600EB52FA /* SignUpViewController.swift */ = {isa = PBXFileReference; fileEncoding = 4; lastKnownFileType = sourcecode.swift; path = SignUpViewController.swift; sourceTree = "<group>"; };
		B469A9551B55AB810048BCFA /* LoginData.swift */ = {isa = PBXFileReference; fileEncoding = 4; lastKnownFileType = sourcecode.swift; name = LoginData.swift; path = AutoLayout/LoginData.swift; sourceTree = "<group>"; };
		B469A9561B55AB810048BCFA /* ViandsAPI.swift */ = {isa = PBXFileReference; fileEncoding = 4; lastKnownFileType = sourcecode.swift; name = ViandsAPI.swift; path = AutoLayout/ViandsAPI.swift; sourceTree = "<group>"; };
		B469A9571B55AB810048BCFA /* urlRepositry.swift */ = {isa = PBXFileReference; fileEncoding = 4; lastKnownFileType = sourcecode.swift; name = urlRepositry.swift; path = AutoLayout/urlRepositry.swift; sourceTree = "<group>"; };
		B48F4B2F1B55903500C9D2D2 /* AutoLayout.app */ = {isa = PBXFileReference; explicitFileType = wrapper.application; includeInIndex = 0; path = AutoLayout.app; sourceTree = BUILT_PRODUCTS_DIR; };
		B48F4B331B55903600C9D2D2 /* Info.plist */ = {isa = PBXFileReference; lastKnownFileType = text.plist.xml; path = Info.plist; sourceTree = "<group>"; };
		B48F4B341B55903600C9D2D2 /* AppDelegate.swift */ = {isa = PBXFileReference; lastKnownFileType = sourcecode.swift; path = AppDelegate.swift; sourceTree = "<group>"; };
		B48F4B3B1B55903600C9D2D2 /* Images.xcassets */ = {isa = PBXFileReference; lastKnownFileType = folder.assetcatalog; path = Images.xcassets; sourceTree = "<group>"; };
		B48F4B3E1B55903600C9D2D2 /* Base */ = {isa = PBXFileReference; lastKnownFileType = file.xib; name = Base; path = Base.lproj/LaunchScreen.xib; sourceTree = "<group>"; };
		B48F4B441B55903600C9D2D2 /* AutoLayoutTests.xctest */ = {isa = PBXFileReference; explicitFileType = wrapper.cfbundle; includeInIndex = 0; path = AutoLayoutTests.xctest; sourceTree = BUILT_PRODUCTS_DIR; };
		B48F4B491B55903600C9D2D2 /* Info.plist */ = {isa = PBXFileReference; lastKnownFileType = text.plist.xml; path = Info.plist; sourceTree = "<group>"; };
		B48F4B4A1B55903600C9D2D2 /* AutoLayoutTests.swift */ = {isa = PBXFileReference; lastKnownFileType = sourcecode.swift; path = AutoLayoutTests.swift; sourceTree = "<group>"; };
		B48F4B541B559A4800C9D2D2 /* Main.storyboard */ = {isa = PBXFileReference; fileEncoding = 4; lastKnownFileType = file.storyboard; name = Main.storyboard; path = ../Main.storyboard; sourceTree = "<group>"; };
/* End PBXFileReference section */

/* Begin PBXFrameworksBuildPhase section */
		B48F4B2C1B55903500C9D2D2 /* Frameworks */ = {
			isa = PBXFrameworksBuildPhase;
			buildActionMask = 2147483647;
			files = (
			);
			runOnlyForDeploymentPostprocessing = 0;
		};
		B48F4B411B55903600C9D2D2 /* Frameworks */ = {
			isa = PBXFrameworksBuildPhase;
			buildActionMask = 2147483647;
			files = (
			);
			runOnlyForDeploymentPostprocessing = 0;
		};
/* End PBXFrameworksBuildPhase section */

/* Begin PBXGroup section */
		B469A9541B55AB5A0048BCFA /* ViandsAPI */ = {
			isa = PBXGroup;
			children = (
				B469A9551B55AB810048BCFA /* LoginData.swift */,
				B469A9561B55AB810048BCFA /* ViandsAPI.swift */,
				B469A9571B55AB810048BCFA /* urlRepositry.swift */,
			);
			name = ViandsAPI;
			sourceTree = "<group>";
		};
		B48F4B261B55903500C9D2D2 = {
			isa = PBXGroup;
			children = (
				B469A9541B55AB5A0048BCFA /* ViandsAPI */,
				B48F4B311B55903600C9D2D2 /* AutoLayout */,
				B48F4B471B55903600C9D2D2 /* AutoLayoutTests */,
				B48F4B301B55903500C9D2D2 /* Products */,
			);
			sourceTree = "<group>";
		};
		B48F4B301B55903500C9D2D2 /* Products */ = {
			isa = PBXGroup;
			children = (
				B48F4B2F1B55903500C9D2D2 /* AutoLayout.app */,
				B48F4B441B55903600C9D2D2 /* AutoLayoutTests.xctest */,
			);
			name = Products;
			sourceTree = "<group>";
		};
		B48F4B311B55903600C9D2D2 /* AutoLayout */ = {
			isa = PBXGroup;
			children = (
				B40D45791B568AA300EB52FA /* SignInViewController.swift */,
				B40D457B1B568AC600EB52FA /* SignUpViewController.swift */,
				B48F4B541B559A4800C9D2D2 /* Main.storyboard */,
				B48F4B321B55903600C9D2D2 /* Supporting Files */,
			);
			path = AutoLayout;
			sourceTree = "<group>";
		};
		B48F4B321B55903600C9D2D2 /* Supporting Files */ = {
			isa = PBXGroup;
			children = (
				B48F4B3B1B55903600C9D2D2 /* Images.xcassets */,
				B48F4B341B55903600C9D2D2 /* AppDelegate.swift */,
				B48F4B3D1B55903600C9D2D2 /* LaunchScreen.xib */,
				B48F4B331B55903600C9D2D2 /* Info.plist */,
			);
			name = "Supporting Files";
			sourceTree = "<group>";
		};
		B48F4B471B55903600C9D2D2 /* AutoLayoutTests */ = {
			isa = PBXGroup;
			children = (
				B48F4B4A1B55903600C9D2D2 /* AutoLayoutTests.swift */,
				B48F4B481B55903600C9D2D2 /* Supporting Files */,
			);
			path = AutoLayoutTests;
			sourceTree = "<group>";
		};
		B48F4B481B55903600C9D2D2 /* Supporting Files */ = {
			isa = PBXGroup;
			children = (
				B48F4B491B55903600C9D2D2 /* Info.plist */,
			);
			name = "Supporting Files";
			sourceTree = "<group>";
		};
/* End PBXGroup section */

/* Begin PBXNativeTarget section */
		B48F4B2E1B55903500C9D2D2 /* AutoLayout */ = {
			isa = PBXNativeTarget;
			buildConfigurationList = B48F4B4E1B55903600C9D2D2 /* Build configuration list for PBXNativeTarget "AutoLayout" */;
			buildPhases = (
				B48F4B2B1B55903500C9D2D2 /* Sources */,
				B48F4B2C1B55903500C9D2D2 /* Frameworks */,
				B48F4B2D1B55903500C9D2D2 /* Resources */,
			);
			buildRules = (
			);
			dependencies = (
			);
			name = AutoLayout;
			productName = AutoLayout;
			productReference = B48F4B2F1B55903500C9D2D2 /* AutoLayout.app */;
			productType = "com.apple.product-type.application";
		};
		B48F4B431B55903600C9D2D2 /* AutoLayoutTests */ = {
			isa = PBXNativeTarget;
			buildConfigurationList = B48F4B511B55903600C9D2D2 /* Build configuration list for PBXNativeTarget "AutoLayoutTests" */;
			buildPhases = (
				B48F4B401B55903600C9D2D2 /* Sources */,
				B48F4B411B55903600C9D2D2 /* Frameworks */,
				B48F4B421B55903600C9D2D2 /* Resources */,
			);
			buildRules = (
			);
			dependencies = (
				B48F4B461B55903600C9D2D2 /* PBXTargetDependency */,
			);
			name = AutoLayoutTests;
			productName = AutoLayoutTests;
			productReference = B48F4B441B55903600C9D2D2 /* AutoLayoutTests.xctest */;
			productType = "com.apple.product-type.bundle.unit-test";
		};
/* End PBXNativeTarget section */

/* Begin PBXProject section */
		B48F4B271B55903500C9D2D2 /* Project object */ = {
			isa = PBXProject;
			attributes = {
				LastUpgradeCheck = 0640;
				ORGANIZATIONNAME = "Saahil Chhabria";
				TargetAttributes = {
					B48F4B2E1B55903500C9D2D2 = {
						CreatedOnToolsVersion = 6.4;
					};
					B48F4B431B55903600C9D2D2 = {
						CreatedOnToolsVersion = 6.4;
						TestTargetID = B48F4B2E1B55903500C9D2D2;
					};
				};
			};
			buildConfigurationList = B48F4B2A1B55903500C9D2D2 /* Build configuration list for PBXProject "AutoLayout" */;
			compatibilityVersion = "Xcode 3.2";
			developmentRegion = English;
			hasScannedForEncodings = 0;
			knownRegions = (
				en,
				Base,
			);
			mainGroup = B48F4B261B55903500C9D2D2;
			productRefGroup = B48F4B301B55903500C9D2D2 /* Products */;
			projectDirPath = "";
			projectRoot = "";
			targets = (
				B48F4B2E1B55903500C9D2D2 /* AutoLayout */,
				B48F4B431B55903600C9D2D2 /* AutoLayoutTests */,
			);
		};
/* End PBXProject section */

/* Begin PBXResourcesBuildPhase section */
		B48F4B2D1B55903500C9D2D2 /* Resources */ = {
			isa = PBXResourcesBuildPhase;
			buildActionMask = 2147483647;
			files = (
				B48F4B3F1B55903600C9D2D2 /* LaunchScreen.xib in Resources */,
				B48F4B3C1B55903600C9D2D2 /* Images.xcassets in Resources */,
				B48F4B551B559A4800C9D2D2 /* Main.storyboard in Resources */,
			);
			runOnlyForDeploymentPostprocessing = 0;
		};
		B48F4B421B55903600C9D2D2 /* Resources */ = {
			isa = PBXResourcesBuildPhase;
			buildActionMask = 2147483647;
			files = (
			);
			runOnlyForDeploymentPostprocessing = 0;
		};
/* End PBXResourcesBuildPhase section */

/* Begin PBXSourcesBuildPhase section */
		B48F4B2B1B55903500C9D2D2 /* Sources */ = {
			isa = PBXSourcesBuildPhase;
			buildActionMask = 2147483647;
			files = (
				B40D457C1B568AC600EB52FA /* SignUpViewController.swift in Sources */,
				B469A9591B55AB810048BCFA /* ViandsAPI.swift in Sources */,
				B48F4B351B55903600C9D2D2 /* AppDelegate.swift in Sources */,
				B469A95A1B55AB810048BCFA /* urlRepositry.swift in Sources */,
				B40D457A1B568AA300EB52FA /* SignInViewController.swift in Sources */,
				B469A9581B55AB810048BCFA /* LoginData.swift in Sources */,
			);
			runOnlyForDeploymentPostprocessing = 0;
		};
		B48F4B401B55903600C9D2D2 /* Sources */ = {
			isa = PBXSourcesBuildPhase;
			buildActionMask = 2147483647;
			files = (
				B48F4B4B1B55903600C9D2D2 /* AutoLayoutTests.swift in Sources */,
			);
			runOnlyForDeploymentPostprocessing = 0;
		};
/* End PBXSourcesBuildPhase section */

/* Begin PBXTargetDependency section */
		B48F4B461B55903600C9D2D2 /* PBXTargetDependency */ = {
			isa = PBXTargetDependency;
			target = B48F4B2E1B55903500C9D2D2 /* AutoLayout */;
			targetProxy = B48F4B451B55903600C9D2D2 /* PBXContainerItemProxy */;
		};
/* End PBXTargetDependency section */

/* Begin PBXVariantGroup section */
		B48F4B3D1B55903600C9D2D2 /* LaunchScreen.xib */ = {
			isa = PBXVariantGroup;
			children = (
				B48F4B3E1B55903600C9D2D2 /* Base */,
			);
			name = LaunchScreen.xib;
			sourceTree = "<group>";
		};
/* End PBXVariantGroup section */

/* Begin XCBuildConfiguration section */
		B48F4B4C1B55903600C9D2D2 /* Debug */ = {
			isa = XCBuildConfiguration;
			buildSettings = {
				ALWAYS_SEARCH_USER_PATHS = NO;
				CLANG_CXX_LANGUAGE_STANDARD = "gnu++0x";
				CLANG_CXX_LIBRARY = "libc++";
				CLANG_ENABLE_MODULES = YES;
				CLANG_ENABLE_OBJC_ARC = YES;
				CLANG_WARN_BOOL_CONVERSION = YES;
				CLANG_WARN_CONSTANT_CONVERSION = YES;
				CLANG_WARN_DIRECT_OBJC_ISA_USAGE = YES_ERROR;
				CLANG_WARN_EMPTY_BODY = YES;
				CLANG_WARN_ENUM_CONVERSION = YES;
				CLANG_WARN_INT_CONVERSION = YES;
				CLANG_WARN_OBJC_ROOT_CLASS = YES_ERROR;
				CLANG_WARN_UNREACHABLE_CODE = YES;
				CLANG_WARN__DUPLICATE_METHOD_MATCH = YES;
				"CODE_SIGN_IDENTITY[sdk=iphoneos*]" = "iPhone Developer";
				COPY_PHASE_STRIP = NO;
				DEBUG_INFORMATION_FORMAT = "dwarf-with-dsym";
				ENABLE_STRICT_OBJC_MSGSEND = YES;
				GCC_C_LANGUAGE_STANDARD = gnu99;
				GCC_DYNAMIC_NO_PIC = NO;
				GCC_NO_COMMON_BLOCKS = YES;
				GCC_OPTIMIZATION_LEVEL = 0;
				GCC_PREPROCESSOR_DEFINITIONS = (
					"DEBUG=1",
					"$(inherited)",
				);
				GCC_SYMBOLS_PRIVATE_EXTERN = NO;
				GCC_WARN_64_TO_32_BIT_CONVERSION = YES;
				GCC_WARN_ABOUT_RETURN_TYPE = YES_ERROR;
				GCC_WARN_UNDECLARED_SELECTOR = YES;
				GCC_WARN_UNINITIALIZED_AUTOS = YES_AGGRESSIVE;
				GCC_WARN_UNUSED_FUNCTION = YES;
				GCC_WARN_UNUSED_VARIABLE = YES;
				IPHONEOS_DEPLOYMENT_TARGET = 8.4;
				MTL_ENABLE_DEBUG_INFO = YES;
				ONLY_ACTIVE_ARCH = YES;
				SDKROOT = iphoneos;
				SWIFT_OPTIMIZATION_LEVEL = "-Onone";
			};
			name = Debug;
		};
		B48F4B4D1B55903600C9D2D2 /* Release */ = {
			isa = XCBuildConfiguration;
			buildSettings = {
				ALWAYS_SEARCH_USER_PATHS = NO;
				CLANG_CXX_LANGUAGE_STANDARD = "gnu++0x";
				CLANG_CXX_LIBRARY = "libc++";
				CLANG_ENABLE_MODULES = YES;
				CLANG_ENABLE_OBJC_ARC = YES;
				CLANG_WARN_BOOL_CONVERSION = YES;
				CLANG_WARN_CONSTANT_CONVERSION = YES;
				CLANG_WARN_DIRECT_OBJC_ISA_USAGE = YES_ERROR;
				CLANG_WARN_EMPTY_BODY = YES;
				CLANG_WARN_ENUM_CONVERSION = YES;
				CLANG_WARN_INT_CONVERSION = YES;
				CLANG_WARN_OBJC_ROOT_CLASS = YES_ERROR;
				CLANG_WARN_UNREACHABLE_CODE = YES;
				CLANG_WARN__DUPLICATE_METHOD_MATCH = YES;
				"CODE_SIGN_IDENTITY[sdk=iphoneos*]" = "iPhone Developer";
				COPY_PHASE_STRIP = NO;
				DEBUG_INFORMATION_FORMAT = "dwarf-with-dsym";
				ENABLE_NS_ASSERTIONS = NO;
				ENABLE_STRICT_OBJC_MSGSEND = YES;
				GCC_C_LANGUAGE_STANDARD = gnu99;
				GCC_NO_COMMON_BLOCKS = YES;
				GCC_WARN_64_TO_32_BIT_CONVERSION = YES;
				GCC_WARN_ABOUT_RETURN_TYPE = YES_ERROR;
				GCC_WARN_UNDECLARED_SELECTOR = YES;
				GCC_WARN_UNINITIALIZED_AUTOS = YES_AGGRESSIVE;
				GCC_WARN_UNUSED_FUNCTION = YES;
				GCC_WARN_UNUSED_VARIABLE = YES;
				IPHONEOS_DEPLOYMENT_TARGET = 8.4;
				MTL_ENABLE_DEBUG_INFO = NO;
				SDKROOT = iphoneos;
				VALIDATE_PRODUCT = YES;
			};
			name = Release;
		};
		B48F4B4F1B55903600C9D2D2 /* Debug */ = {
			isa = XCBuildConfiguration;
			buildSettings = {
				ASSETCATALOG_COMPILER_APPICON_NAME = AppIcon;
				INFOPLIST_FILE = AutoLayout/Info.plist;
				IPHONEOS_DEPLOYMENT_TARGET = 8.0;
				LD_RUNPATH_SEARCH_PATHS = "$(inherited) @executable_path/Frameworks";
				PRODUCT_NAME = "$(TARGET_NAME)";
			};
			name = Debug;
		};
		B48F4B501B55903600C9D2D2 /* Release */ = {
			isa = XCBuildConfiguration;
			buildSettings = {
				ASSETCATALOG_COMPILER_APPICON_NAME = AppIcon;
				INFOPLIST_FILE = AutoLayout/Info.plist;
				IPHONEOS_DEPLOYMENT_TARGET = 8.0;
				LD_RUNPATH_SEARCH_PATHS = "$(inherited) @executable_path/Frameworks";
				PRODUCT_NAME = "$(TARGET_NAME)";
			};
			name = Release;
		};
		B48F4B521B55903600C9D2D2 /* Debug */ = {
			isa = XCBuildConfiguration;
			buildSettings = {
				BUNDLE_LOADER = "$(TEST_HOST)";
				FRAMEWORK_SEARCH_PATHS = (
					"$(SDKROOT)/Developer/Library/Frameworks",
					"$(inherited)",
				);
				GCC_PREPROCESSOR_DEFINITIONS = (
					"DEBUG=1",
					"$(inherited)",
				);
				INFOPLIST_FILE = AutoLayoutTests/Info.plist;
				LD_RUNPATH_SEARCH_PATHS = "$(inherited) @executable_path/Frameworks @loader_path/Frameworks";
				PRODUCT_NAME = "$(TARGET_NAME)";
				TEST_HOST = "$(BUILT_PRODUCTS_DIR)/AutoLayout.app/AutoLayout";
			};
			name = Debug;
		};
		B48F4B531B55903600C9D2D2 /* Release */ = {
			isa = XCBuildConfiguration;
			buildSettings = {
				BUNDLE_LOADER = "$(TEST_HOST)";
				FRAMEWORK_SEARCH_PATHS = (
					"$(SDKROOT)/Developer/Library/Frameworks",
					"$(inherited)",
				);
				INFOPLIST_FILE = AutoLayoutTests/Info.plist;
				LD_RUNPATH_SEARCH_PATHS = "$(inherited) @executable_path/Frameworks @loader_path/Frameworks";
				PRODUCT_NAME = "$(TARGET_NAME)";
				TEST_HOST = "$(BUILT_PRODUCTS_DIR)/AutoLayout.app/AutoLayout";
			};
			name = Release;
		};
/* End XCBuildConfiguration section */

/* Begin XCConfigurationList section */
		B48F4B2A1B55903500C9D2D2 /* Build configuration list for PBXProject "AutoLayout" */ = {
			isa = XCConfigurationList;
			buildConfigurations = (
				B48F4B4C1B55903600C9D2D2 /* Debug */,
				B48F4B4D1B55903600C9D2D2 /* Release */,
			);
			defaultConfigurationIsVisible = 0;
			defaultConfigurationName = Release;
		};
		B48F4B4E1B55903600C9D2D2 /* Build configuration list for PBXNativeTarget "AutoLayout" */ = {
			isa = XCConfigurationList;
			buildConfigurations = (
				B48F4B4F1B55903600C9D2D2 /* Debug */,
				B48F4B501B55903600C9D2D2 /* Release */,
			);
			defaultConfigurationIsVisible = 0;
			defaultConfigurationName = Release;
		};
		B48F4B511B55903600C9D2D2 /* Build configuration list for PBXNativeTarget "AutoLayoutTests" */ = {
			isa = XCConfigurationList;
			buildConfigurations = (
				B48F4B521B55903600C9D2D2 /* Debug */,
				B48F4B531B55903600C9D2D2 /* Release */,
			);
			defaultConfigurationIsVisible = 0;
			defaultConfigurationName = Release;
		};
/* End XCConfigurationList section */
	};
	rootObject = B48F4B271B55903500C9D2D2 /* Project object */;
}
